
Microsoft Visual Studio Solution File, Format Version 12.00
# Visual Studio 2012
Project("{FAE04EC0-301F-11D3-BF4B-00C04F79EFBC}") = "CompxERP", "CompxERP\CompxERP.csproj", "{670A6DFC-9AAE-49AE-97CF-0D5112D674FF}"
EndProject
Global
	GlobalSection(SolutionConfigurationPlatforms) = preSolution
		Debug|Any CPU = Debug|Any CPU
		Release|Any CPU = Release|Any CPU
	EndGlobalSection
	GlobalSection(ProjectConfigurationPlatforms) = postSolution
		{670A6DFC-9AAE-49AE-97CF-0D5112D674FF}.Debug|Any CPU.ActiveCfg = Debug|Any CPU
		{670A6DFC-9AAE-49AE-97CF-0D5112D674FF}.Debug|Any CPU.Build.0 = Debug|Any CPU
		{670A6DFC-9AAE-49AE-97CF-0D5112D674FF}.Release|Any CPU.ActiveCfg = Release|Any CPU
		{670A6DFC-9AAE-49AE-97CF-0D5112D674FF}.Release|Any CPU.Build.0 = Release|Any CPU
	EndGlobalSection
	GlobalSection(SolutionProperties) = preSolution
		HideSolutionNode = FALSE
	EndGlobalSection
EndGlobal
